
Microsoft Visual Studio Solution File, Format Version 12.00
# Visual Studio Version 17
VisualStudioVersion = 17.9.34728.123
MinimumVisualStudioVersion = 10.0.40219.1
Project("{FAE04EC0-301F-11D3-BF4B-00C04F79EFBC}") = "Lekce1_ucetGitHub", "Lekce1_ucetGitHub.csproj", "{8FA99F38-D330-47E5-9879-6E2A780DA3B8}"
EndProject
Global
	GlobalSection(SolutionConfigurationPlatforms) = preSolution
		Debug|Any CPU = Debug|Any CPU
		Release|Any CPU = Release|Any CPU
	EndGlobalSection
	GlobalSection(ProjectConfigurationPlatforms) = postSolution
		{8FA99F38-D330-47E5-9879-6E2A780DA3B8}.Debug|Any CPU.ActiveCfg = Debug|Any CPU
		{8FA99F38-D330-47E5-9879-6E2A780DA3B8}.Debug|Any CPU.Build.0 = Debug|Any CPU
		{8FA99F38-D330-47E5-9879-6E2A780DA3B8}.Release|Any CPU.ActiveCfg = Release|Any CPU
		{8FA99F38-D330-47E5-9879-6E2A780DA3B8}.Release|Any CPU.Build.0 = Release|Any CPU
	EndGlobalSection
	GlobalSection(SolutionProperties) = preSolution
		HideSolutionNode = FALSE
	EndGlobalSection
	GlobalSection(ExtensibilityGlobals) = postSolution
		SolutionGuid = {F5B5B6CB-CD3A-4540-AF92-E9CE51ADA59E}
	EndGlobalSection
EndGlobal
